// !$*UTF8*$!
{
	archiveVersion = 1;
	classes = {
	};
	objectVersion = 56;
	objects = {

/* Begin PBXBuildFile section */
		5C8462C029A52E2900412F5C /* IconView.swift in Sources */ = {isa = PBXBuildFile; fileRef = 5C8462BF29A52E2900412F5C /* IconView.swift */; };
		5CA5F0B429A10E1D00E5211D /* TrackpadAirApp.swift in Sources */ = {isa = PBXBuildFile; fileRef = 5CA5F0B329A10E1D00E5211D /* TrackpadAirApp.swift */; };
		5CA5F0B829A10E1E00E5211D /* Assets.xcassets in Resources */ = {isa = PBXBuildFile; fileRef = 5CA5F0B729A10E1E00E5211D /* Assets.xcassets */; };
		5CA5F0BB29A10E1E00E5211D /* Preview Assets.xcassets in Resources */ = {isa = PBXBuildFile; fileRef = 5CA5F0BA29A10E1E00E5211D /* Preview Assets.xcassets */; };
		5CA5F0C429A1102800E5211D /* VideoCapture.swift in Sources */ = {isa = PBXBuildFile; fileRef = 5CA5F0C329A1102800E5211D /* VideoCapture.swift */; };
		5CA5F0C629A1105000E5211D /* HandPoseManager.swift in Sources */ = {isa = PBXBuildFile; fileRef = 5CA5F0C529A1105000E5211D /* HandPoseManager.swift */; };
		5CA5F0C929A110C400E5211D /* FingerTips.swift in Sources */ = {isa = PBXBuildFile; fileRef = 5CA5F0C829A110C400E5211D /* FingerTips.swift */; };
		5CA5F0CB29A1110B00E5211D /* HandGestureProcessor.swift in Sources */ = {isa = PBXBuildFile; fileRef = 5CA5F0CA29A1110B00E5211D /* HandGestureProcessor.swift */; };
		5CA5F0CE29A1114600E5211D /* ImageHelper.swift in Sources */ = {isa = PBXBuildFile; fileRef = 5CA5F0CD29A1114600E5211D /* ImageHelper.swift */; };
		5CA5F0D029A1116500E5211D /* CoordinateHelper.swift in Sources */ = {isa = PBXBuildFile; fileRef = 5CA5F0CF29A1116500E5211D /* CoordinateHelper.swift */; };
		5CA5F0D329A111A100E5211D /* FingerTipsView.swift in Sources */ = {isa = PBXBuildFile; fileRef = 5CA5F0D229A111A100E5211D /* FingerTipsView.swift */; };
		5CA5F0D529A111CD00E5211D /* HandGestureView.swift in Sources */ = {isa = PBXBuildFile; fileRef = 5CA5F0D429A111CD00E5211D /* HandGestureView.swift */; };
		5CA5F0D729A1120A00E5211D /* HandGestureViewModel.swift in Sources */ = {isa = PBXBuildFile; fileRef = 5CA5F0D629A1120A00E5211D /* HandGestureViewModel.swift */; };
		5CA5F0DA29A1126E00E5211D /* SwiftAutoGUI in Frameworks */ = {isa = PBXBuildFile; productRef = 5CA5F0D929A1126E00E5211D /* SwiftAutoGUI */; };
		5CA5F0DC29A112D600E5211D /* AppDelegate.swift in Sources */ = {isa = PBXBuildFile; fileRef = 5CA5F0DB29A112D600E5211D /* AppDelegate.swift */; };
		5CA5F0DE29A1135500E5211D /* SettingView.swift in Sources */ = {isa = PBXBuildFile; fileRef = 5CA5F0DD29A1135500E5211D /* SettingView.swift */; };
		5CA5F0E129A1139600E5211D /* Factory in Frameworks */ = {isa = PBXBuildFile; productRef = 5CA5F0E029A1139600E5211D /* Factory */; };
		5CA5F0E729A1140F00E5211D /* Setting.swift in Sources */ = {isa = PBXBuildFile; fileRef = 5CA5F0E629A1140F00E5211D /* Setting.swift */; };
		5CA5F0EC29A1147100E5211D /* Container+Extension.swift in Sources */ = {isa = PBXBuildFile; fileRef = 5CA5F0EB29A1147100E5211D /* Container+Extension.swift */; };
/* End PBXBuildFile section */

/* Begin PBXFileReference section */
		5C8462BF29A52E2900412F5C /* IconView.swift */ = {isa = PBXFileReference; lastKnownFileType = sourcecode.swift; path = IconView.swift; sourceTree = "<group>"; };
		5CA5F0B029A10E1D00E5211D /* TrackpadAir.app */ = {isa = PBXFileReference; explicitFileType = wrapper.application; includeInIndex = 0; path = TrackpadAir.app; sourceTree = BUILT_PRODUCTS_DIR; };
		5CA5F0B329A10E1D00E5211D /* TrackpadAirApp.swift */ = {isa = PBXFileReference; lastKnownFileType = sourcecode.swift; path = TrackpadAirApp.swift; sourceTree = "<group>"; };
		5CA5F0B729A10E1E00E5211D /* Assets.xcassets */ = {isa = PBXFileReference; lastKnownFileType = folder.assetcatalog; path = Assets.xcassets; sourceTree = "<group>"; };
		5CA5F0BA29A10E1E00E5211D /* Preview Assets.xcassets */ = {isa = PBXFileReference; lastKnownFileType = folder.assetcatalog; path = "Preview Assets.xcassets"; sourceTree = "<group>"; };
		5CA5F0BC29A10E1E00E5211D /* TrackpadAir.entitlements */ = {isa = PBXFileReference; lastKnownFileType = text.plist.entitlements; path = TrackpadAir.entitlements; sourceTree = "<group>"; };
		5CA5F0C329A1102800E5211D /* VideoCapture.swift */ = {isa = PBXFileReference; lastKnownFileType = sourcecode.swift; path = VideoCapture.swift; sourceTree = "<group>"; };
		5CA5F0C529A1105000E5211D /* HandPoseManager.swift */ = {isa = PBXFileReference; lastKnownFileType = sourcecode.swift; path = HandPoseManager.swift; sourceTree = "<group>"; };
		5CA5F0C829A110C400E5211D /* FingerTips.swift */ = {isa = PBXFileReference; lastKnownFileType = sourcecode.swift; path = FingerTips.swift; sourceTree = "<group>"; };
		5CA5F0CA29A1110B00E5211D /* HandGestureProcessor.swift */ = {isa = PBXFileReference; lastKnownFileType = sourcecode.swift; path = HandGestureProcessor.swift; sourceTree = "<group>"; };
		5CA5F0CD29A1114600E5211D /* ImageHelper.swift */ = {isa = PBXFileReference; lastKnownFileType = sourcecode.swift; path = ImageHelper.swift; sourceTree = "<group>"; };
		5CA5F0CF29A1116500E5211D /* CoordinateHelper.swift */ = {isa = PBXFileReference; lastKnownFileType = sourcecode.swift; path = CoordinateHelper.swift; sourceTree = "<group>"; };
		5CA5F0D229A111A100E5211D /* FingerTipsView.swift */ = {isa = PBXFileReference; lastKnownFileType = sourcecode.swift; path = FingerTipsView.swift; sourceTree = "<group>"; };
		5CA5F0D429A111CD00E5211D /* HandGestureView.swift */ = {isa = PBXFileReference; lastKnownFileType = sourcecode.swift; path = HandGestureView.swift; sourceTree = "<group>"; };
		5CA5F0D629A1120A00E5211D /* HandGestureViewModel.swift */ = {isa = PBXFileReference; lastKnownFileType = sourcecode.swift; path = HandGestureViewModel.swift; sourceTree = "<group>"; };
		5CA5F0DB29A112D600E5211D /* AppDelegate.swift */ = {isa = PBXFileReference; lastKnownFileType = sourcecode.swift; path = AppDelegate.swift; sourceTree = "<group>"; };
		5CA5F0DD29A1135500E5211D /* SettingView.swift */ = {isa = PBXFileReference; lastKnownFileType = sourcecode.swift; path = SettingView.swift; sourceTree = "<group>"; };
		5CA5F0E629A1140F00E5211D /* Setting.swift */ = {isa = PBXFileReference; lastKnownFileType = sourcecode.swift; path = Setting.swift; sourceTree = "<group>"; };
		5CA5F0EB29A1147100E5211D /* Container+Extension.swift */ = {isa = PBXFileReference; lastKnownFileType = sourcecode.swift; path = "Container+Extension.swift"; sourceTree = "<group>"; };
/* End PBXFileReference section */

/* Begin PBXFrameworksBuildPhase section */
		5CA5F0AD29A10E1D00E5211D /* Frameworks */ = {
			isa = PBXFrameworksBuildPhase;
			buildActionMask = 2147483647;
			files = (
				5CA5F0DA29A1126E00E5211D /* SwiftAutoGUI in Frameworks */,
				5CA5F0E129A1139600E5211D /* Factory in Frameworks */,
			);
			runOnlyForDeploymentPostprocessing = 0;
		};
/* End PBXFrameworksBuildPhase section */

/* Begin PBXGroup section */
		5CA5F0A729A10E1D00E5211D = {
			isa = PBXGroup;
			children = (
				5CA5F0B229A10E1D00E5211D /* TrackpadAir */,
				5CA5F0B129A10E1D00E5211D /* Products */,
			);
			sourceTree = "<group>";
		};
		5CA5F0B129A10E1D00E5211D /* Products */ = {
			isa = PBXGroup;
			children = (
				5CA5F0B029A10E1D00E5211D /* TrackpadAir.app */,
			);
			name = Products;
			sourceTree = "<group>";
		};
		5CA5F0B229A10E1D00E5211D /* TrackpadAir */ = {
			isa = PBXGroup;
			children = (
				5CA5F0EA29A1144500E5211D /* Extentions */,
				5CA5F0D129A1118900E5211D /* View */,
				5CA5F0CC29A1112600E5211D /* Helper */,
				5CA5F0C729A110AA00E5211D /* Model */,
				5CA5F0C229A1100E00E5211D /* Manager */,
				5CA5F0B329A10E1D00E5211D /* TrackpadAirApp.swift */,
				5CA5F0B729A10E1E00E5211D /* Assets.xcassets */,
				5CA5F0BC29A10E1E00E5211D /* TrackpadAir.entitlements */,
				5CA5F0B929A10E1E00E5211D /* Preview Content */,
				5CA5F0DB29A112D600E5211D /* AppDelegate.swift */,
			);
			path = TrackpadAir;
			sourceTree = "<group>";
		};
		5CA5F0B929A10E1E00E5211D /* Preview Content */ = {
			isa = PBXGroup;
			children = (
				5CA5F0BA29A10E1E00E5211D /* Preview Assets.xcassets */,
			);
			path = "Preview Content";
			sourceTree = "<group>";
		};
		5CA5F0C229A1100E00E5211D /* Manager */ = {
			isa = PBXGroup;
			children = (
				5CA5F0C329A1102800E5211D /* VideoCapture.swift */,
				5CA5F0C529A1105000E5211D /* HandPoseManager.swift */,
				5CA5F0CA29A1110B00E5211D /* HandGestureProcessor.swift */,
			);
			path = Manager;
			sourceTree = "<group>";
		};
		5CA5F0C729A110AA00E5211D /* Model */ = {
			isa = PBXGroup;
			children = (
				5CA5F0C829A110C400E5211D /* FingerTips.swift */,
			);
			path = Model;
			sourceTree = "<group>";
		};
		5CA5F0CC29A1112600E5211D /* Helper */ = {
			isa = PBXGroup;
			children = (
				5CA5F0CD29A1114600E5211D /* ImageHelper.swift */,
				5CA5F0CF29A1116500E5211D /* CoordinateHelper.swift */,
			);
			path = Helper;
			sourceTree = "<group>";
		};
		5CA5F0D129A1118900E5211D /* View */ = {
			isa = PBXGroup;
			children = (
				5CA5F0E329A113C600E5211D /* Setting */,
				5CA5F0E229A113AB00E5211D /* HandGesture */,
				5C8462BF29A52E2900412F5C /* IconView.swift */,
			);
			path = View;
			sourceTree = "<group>";
		};
		5CA5F0E229A113AB00E5211D /* HandGesture */ = {
			isa = PBXGroup;
			children = (
				5CA5F0D229A111A100E5211D /* FingerTipsView.swift */,
				5CA5F0D629A1120A00E5211D /* HandGestureViewModel.swift */,
				5CA5F0D429A111CD00E5211D /* HandGestureView.swift */,
			);
			path = HandGesture;
			sourceTree = "<group>";
		};
		5CA5F0E329A113C600E5211D /* Setting */ = {
			isa = PBXGroup;
			children = (
				5CA5F0DD29A1135500E5211D /* SettingView.swift */,
				5CA5F0E629A1140F00E5211D /* Setting.swift */,
			);
			path = Setting;
			sourceTree = "<group>";
		};
		5CA5F0EA29A1144500E5211D /* Extentions */ = {
			isa = PBXGroup;
			children = (
				5CA5F0EB29A1147100E5211D /* Container+Extension.swift */,
			);
			path = Extentions;
			sourceTree = "<group>";
		};
/* End PBXGroup section */

/* Begin PBXNativeTarget section */
		5CA5F0AF29A10E1D00E5211D /* TrackpadAir */ = {
			isa = PBXNativeTarget;
			buildConfigurationList = 5CA5F0BF29A10E1E00E5211D /* Build configuration list for PBXNativeTarget "TrackpadAir" */;
			buildPhases = (
				5CA5F0AC29A10E1D00E5211D /* Sources */,
				5CA5F0AD29A10E1D00E5211D /* Frameworks */,
				5CA5F0AE29A10E1D00E5211D /* Resources */,
			);
			buildRules = (
			);
			dependencies = (
			);
			name = TrackpadAir;
			packageProductDependencies = (
				5CA5F0D929A1126E00E5211D /* SwiftAutoGUI */,
				5CA5F0E029A1139600E5211D /* Factory */,
			);
			productName = TrackpadAir;
			productReference = 5CA5F0B029A10E1D00E5211D /* TrackpadAir.app */;
			productType = "com.apple.product-type.application";
		};
/* End PBXNativeTarget section */

/* Begin PBXProject section */
		5CA5F0A829A10E1D00E5211D /* Project object */ = {
			isa = PBXProject;
			attributes = {
				BuildIndependentTargetsInParallel = 1;
				LastSwiftUpdateCheck = 1410;
				LastUpgradeCheck = 1410;
				TargetAttributes = {
					5CA5F0AF29A10E1D00E5211D = {
						CreatedOnToolsVersion = 14.1;
					};
				};
			};
			buildConfigurationList = 5CA5F0AB29A10E1D00E5211D /* Build configuration list for PBXProject "TrackpadAir" */;
			compatibilityVersion = "Xcode 14.0";
			developmentRegion = en;
			hasScannedForEncodings = 0;
			knownRegions = (
				en,
				Base,
			);
			mainGroup = 5CA5F0A729A10E1D00E5211D;
			packageReferences = (
				5CA5F0D829A1126E00E5211D /* XCRemoteSwiftPackageReference "SwiftAutoGUI" */,
				5CA5F0DF29A1139600E5211D /* XCRemoteSwiftPackageReference "Factory" */,
			);
			productRefGroup = 5CA5F0B129A10E1D00E5211D /* Products */;
			projectDirPath = "";
			projectRoot = "";
			targets = (
				5CA5F0AF29A10E1D00E5211D /* TrackpadAir */,
			);
		};
/* End PBXProject section */

/* Begin PBXResourcesBuildPhase section */
		5CA5F0AE29A10E1D00E5211D /* Resources */ = {
			isa = PBXResourcesBuildPhase;
			buildActionMask = 2147483647;
			files = (
				5CA5F0BB29A10E1E00E5211D /* Preview Assets.xcassets in Resources */,
				5CA5F0B829A10E1E00E5211D /* Assets.xcassets in Resources */,
			);
			runOnlyForDeploymentPostprocessing = 0;
		};
/* End PBXResourcesBuildPhase section */

/* Begin PBXSourcesBuildPhase section */
		5CA5F0AC29A10E1D00E5211D /* Sources */ = {
			isa = PBXSourcesBuildPhase;
			buildActionMask = 2147483647;
			files = (
				5CA5F0DC29A112D600E5211D /* AppDelegate.swift in Sources */,
				5CA5F0D029A1116500E5211D /* CoordinateHelper.swift in Sources */,
				5CA5F0CB29A1110B00E5211D /* HandGestureProcessor.swift in Sources */,
				5CA5F0D529A111CD00E5211D /* HandGestureView.swift in Sources */,
				5CA5F0C629A1105000E5211D /* HandPoseManager.swift in Sources */,
				5CA5F0D329A111A100E5211D /* FingerTipsView.swift in Sources */,
				5CA5F0C929A110C400E5211D /* FingerTips.swift in Sources */,
				5CA5F0DE29A1135500E5211D /* SettingView.swift in Sources */,
				5CA5F0EC29A1147100E5211D /* Container+Extension.swift in Sources */,
				5CA5F0C429A1102800E5211D /* VideoCapture.swift in Sources */,
				5C8462C029A52E2900412F5C /* IconView.swift in Sources */,
				5CA5F0E729A1140F00E5211D /* Setting.swift in Sources */,
				5CA5F0B429A10E1D00E5211D /* TrackpadAirApp.swift in Sources */,
				5CA5F0D729A1120A00E5211D /* HandGestureViewModel.swift in Sources */,
				5CA5F0CE29A1114600E5211D /* ImageHelper.swift in Sources */,
			);
			runOnlyForDeploymentPostprocessing = 0;
		};
/* End PBXSourcesBuildPhase section */

/* Begin XCBuildConfiguration section */
		5CA5F0BD29A10E1E00E5211D /* Debug */ = {
			isa = XCBuildConfiguration;
			buildSettings = {
				ALWAYS_SEARCH_USER_PATHS = NO;
				CLANG_ANALYZER_NONNULL = YES;
				CLANG_ANALYZER_NUMBER_OBJECT_CONVERSION = YES_AGGRESSIVE;
				CLANG_CXX_LANGUAGE_STANDARD = "gnu++20";
				CLANG_ENABLE_MODULES = YES;
				CLANG_ENABLE_OBJC_ARC = YES;
				CLANG_ENABLE_OBJC_WEAK = YES;
				CLANG_WARN_BLOCK_CAPTURE_AUTORELEASING = YES;
				CLANG_WARN_BOOL_CONVERSION = YES;
				CLANG_WARN_COMMA = YES;
				CLANG_WARN_CONSTANT_CONVERSION = YES;
				CLANG_WARN_DEPRECATED_OBJC_IMPLEMENTATIONS = YES;
				CLANG_WARN_DIRECT_OBJC_ISA_USAGE = YES_ERROR;
				CLANG_WARN_DOCUMENTATION_COMMENTS = YES;
				CLANG_WARN_EMPTY_BODY = YES;
				CLANG_WARN_ENUM_CONVERSION = YES;
				CLANG_WARN_INFINITE_RECURSION = YES;
				CLANG_WARN_INT_CONVERSION = YES;
				CLANG_WARN_NON_LITERAL_NULL_CONVERSION = YES;
				CLANG_WARN_OBJC_IMPLICIT_RETAIN_SELF = YES;
				CLANG_WARN_OBJC_LITERAL_CONVERSION = YES;
				CLANG_WARN_OBJC_ROOT_CLASS = YES_ERROR;
				CLANG_WARN_QUOTED_INCLUDE_IN_FRAMEWORK_HEADER = YES;
				CLANG_WARN_RANGE_LOOP_ANALYSIS = YES;
				CLANG_WARN_STRICT_PROTOTYPES = YES;
				CLANG_WARN_SUSPICIOUS_MOVE = YES;
				CLANG_WARN_UNGUARDED_AVAILABILITY = YES_AGGRESSIVE;
				CLANG_WARN_UNREACHABLE_CODE = YES;
				CLANG_WARN__DUPLICATE_METHOD_MATCH = YES;
				COPY_PHASE_STRIP = NO;
				DEBUG_INFORMATION_FORMAT = dwarf;
				ENABLE_STRICT_OBJC_MSGSEND = YES;
				ENABLE_TESTABILITY = YES;
				GCC_C_LANGUAGE_STANDARD = gnu11;
				GCC_DYNAMIC_NO_PIC = NO;
				GCC_NO_COMMON_BLOCKS = YES;
				GCC_OPTIMIZATION_LEVEL = 0;
				GCC_PREPROCESSOR_DEFINITIONS = (
					"DEBUG=1",
					"$(inherited)",
				);
				GCC_WARN_64_TO_32_BIT_CONVERSION = YES;
				GCC_WARN_ABOUT_RETURN_TYPE = YES_ERROR;
				GCC_WARN_UNDECLARED_SELECTOR = YES;
				GCC_WARN_UNINITIALIZED_AUTOS = YES_AGGRESSIVE;
				GCC_WARN_UNUSED_FUNCTION = YES;
				GCC_WARN_UNUSED_VARIABLE = YES;
				MACOSX_DEPLOYMENT_TARGET = 12.6;
				MTL_ENABLE_DEBUG_INFO = INCLUDE_SOURCE;
				MTL_FAST_MATH = YES;
				ONLY_ACTIVE_ARCH = YES;
				SDKROOT = macosx;
				SWIFT_ACTIVE_COMPILATION_CONDITIONS = DEBUG;
				SWIFT_OPTIMIZATION_LEVEL = "-Onone";
			};
			name = Debug;
		};
		5CA5F0BE29A10E1E00E5211D /* Release */ = {
			isa = XCBuildConfiguration;
			buildSettings = {
				ALWAYS_SEARCH_USER_PATHS = NO;
				CLANG_ANALYZER_NONNULL = YES;
				CLANG_ANALYZER_NUMBER_OBJECT_CONVERSION = YES_AGGRESSIVE;
				CLANG_CXX_LANGUAGE_STANDARD = "gnu++20";
				CLANG_ENABLE_MODULES = YES;
				CLANG_ENABLE_OBJC_ARC = YES;
				CLANG_ENABLE_OBJC_WEAK = YES;
				CLANG_WARN_BLOCK_CAPTURE_AUTORELEASING = YES;
				CLANG_WARN_BOOL_CONVERSION = YES;
				CLANG_WARN_COMMA = YES;
				CLANG_WARN_CONSTANT_CONVERSION = YES;
				CLANG_WARN_DEPRECATED_OBJC_IMPLEMENTATIONS = YES;
				CLANG_WARN_DIRECT_OBJC_ISA_USAGE = YES_ERROR;
				CLANG_WARN_DOCUMENTATION_COMMENTS = YES;
				CLANG_WARN_EMPTY_BODY = YES;
				CLANG_WARN_ENUM_CONVERSION = YES;
				CLANG_WARN_INFINITE_RECURSION = YES;
				CLANG_WARN_INT_CONVERSION = YES;
				CLANG_WARN_NON_LITERAL_NULL_CONVERSION = YES;
				CLANG_WARN_OBJC_IMPLICIT_RETAIN_SELF = YES;
				CLANG_WARN_OBJC_LITERAL_CONVERSION = YES;
				CLANG_WARN_OBJC_ROOT_CLASS = YES_ERROR;
				CLANG_WARN_QUOTED_INCLUDE_IN_FRAMEWORK_HEADER = YES;
				CLANG_WARN_RANGE_LOOP_ANALYSIS = YES;
				CLANG_WARN_STRICT_PROTOTYPES = YES;
				CLANG_WARN_SUSPICIOUS_MOVE = YES;
				CLANG_WARN_UNGUARDED_AVAILABILITY = YES_AGGRESSIVE;
				CLANG_WARN_UNREACHABLE_CODE = YES;
				CLANG_WARN__DUPLICATE_METHOD_MATCH = YES;
				COPY_PHASE_STRIP = NO;
				DEBUG_INFORMATION_FORMAT = "dwarf-with-dsym";
				ENABLE_NS_ASSERTIONS = NO;
				ENABLE_STRICT_OBJC_MSGSEND = YES;
				GCC_C_LANGUAGE_STANDARD = gnu11;
				GCC_NO_COMMON_BLOCKS = YES;
				GCC_WARN_64_TO_32_BIT_CONVERSION = YES;
				GCC_WARN_ABOUT_RETURN_TYPE = YES_ERROR;
				GCC_WARN_UNDECLARED_SELECTOR = YES;
				GCC_WARN_UNINITIALIZED_AUTOS = YES_AGGRESSIVE;
				GCC_WARN_UNUSED_FUNCTION = YES;
				GCC_WARN_UNUSED_VARIABLE = YES;
				MACOSX_DEPLOYMENT_TARGET = 12.6;
				MTL_ENABLE_DEBUG_INFO = NO;
				MTL_FAST_MATH = YES;
				SDKROOT = macosx;
				SWIFT_COMPILATION_MODE = wholemodule;
				SWIFT_OPTIMIZATION_LEVEL = "-O";
			};
			name = Release;
		};
		5CA5F0C029A10E1E00E5211D /* Debug */ = {
			isa = XCBuildConfiguration;
			buildSettings = {
				ASSETCATALOG_COMPILER_APPICON_NAME = AppIcon;
				ASSETCATALOG_COMPILER_GLOBAL_ACCENT_COLOR_NAME = AccentColor;
				CODE_SIGN_ENTITLEMENTS = TrackpadAir/TrackpadAir.entitlements;
				CODE_SIGN_STYLE = Automatic;
				COMBINE_HIDPI_IMAGES = YES;
				CURRENT_PROJECT_VERSION = 1;
				DEVELOPMENT_ASSET_PATHS = "\"TrackpadAir/Preview Content\"";
				DEVELOPMENT_TEAM = 7ZJJ7KR6WA;
				ENABLE_HARDENED_RUNTIME = YES;
				ENABLE_PREVIEWS = YES;
				GENERATE_INFOPLIST_FILE = YES;
				INFOPLIST_KEY_NSCameraUsageDescription = "Use Camera";
				INFOPLIST_KEY_NSHumanReadableCopyright = "";
				LD_RUNPATH_SEARCH_PATHS = (
					"$(inherited)",
					"@executable_path/../Frameworks",
				);
				MACOSX_DEPLOYMENT_TARGET = 13.0;
				MARKETING_VERSION = 0.1.0;
				PRODUCT_BUNDLE_IDENTIFIER = com.me.n.rei.TrackpadAir;
				PRODUCT_NAME = "$(TARGET_NAME)";
				SWIFT_EMIT_LOC_STRINGS = YES;
				SWIFT_VERSION = 5.0;
			};
			name = Debug;
		};
		5CA5F0C129A10E1E00E5211D /* Release */ = {
			isa = XCBuildConfiguration;
			buildSettings = {
				ASSETCATALOG_COMPILER_APPICON_NAME = AppIcon;
				ASSETCATALOG_COMPILER_GLOBAL_ACCENT_COLOR_NAME = AccentColor;
				CODE_SIGN_ENTITLEMENTS = TrackpadAir/TrackpadAir.entitlements;
				CODE_SIGN_STYLE = Automatic;
				COMBINE_HIDPI_IMAGES = YES;
				CURRENT_PROJECT_VERSION = 1;
				DEVELOPMENT_ASSET_PATHS = "\"TrackpadAir/Preview Content\"";
				DEVELOPMENT_TEAM = 7ZJJ7KR6WA;
				ENABLE_HARDENED_RUNTIME = YES;
				ENABLE_PREVIEWS = YES;
				GENERATE_INFOPLIST_FILE = YES;
				INFOPLIST_KEY_NSCameraUsageDescription = "Use Camera";
				INFOPLIST_KEY_NSHumanReadableCopyright = "";
				LD_RUNPATH_SEARCH_PATHS = (
					"$(inherited)",
					"@executable_path/../Frameworks",
				);
				MACOSX_DEPLOYMENT_TARGET = 13.0;
				MARKETING_VERSION = 0.1.0;
				PRODUCT_BUNDLE_IDENTIFIER = com.me.n.rei.TrackpadAir;
				PRODUCT_NAME = "$(TARGET_NAME)";
				SWIFT_EMIT_LOC_STRINGS = YES;
				SWIFT_VERSION = 5.0;
			};
			name = Release;
		};
/* End XCBuildConfiguration section */

/* Begin XCConfigurationList section */
		5CA5F0AB29A10E1D00E5211D /* Build configuration list for PBXProject "TrackpadAir" */ = {
			isa = XCConfigurationList;
			buildConfigurations = (
				5CA5F0BD29A10E1E00E5211D /* Debug */,
				5CA5F0BE29A10E1E00E5211D /* Release */,
			);
			defaultConfigurationIsVisible = 0;
			defaultConfigurationName = Release;
		};
		5CA5F0BF29A10E1E00E5211D /* Build configuration list for PBXNativeTarget "TrackpadAir" */ = {
			isa = XCConfigurationList;
			buildConfigurations = (
				5CA5F0C029A10E1E00E5211D /* Debug */,
				5CA5F0C129A10E1E00E5211D /* Release */,
			);
			defaultConfigurationIsVisible = 0;
			defaultConfigurationName = Release;
		};
/* End XCConfigurationList section */

/* Begin XCRemoteSwiftPackageReference section */
		5CA5F0D829A1126E00E5211D /* XCRemoteSwiftPackageReference "SwiftAutoGUI" */ = {
			isa = XCRemoteSwiftPackageReference;
			repositoryURL = "https://github.com/NakaokaRei/SwiftAutoGUI";
			requirement = {
				branch = master;
				kind = branch;
			};
		};
		5CA5F0DF29A1139600E5211D /* XCRemoteSwiftPackageReference "Factory" */ = {
			isa = XCRemoteSwiftPackageReference;
			repositoryURL = "https://github.com/hmlongco/Factory";
			requirement = {
				branch = main;
				kind = branch;
			};
		};
/* End XCRemoteSwiftPackageReference section */

/* Begin XCSwiftPackageProductDependency section */
		5CA5F0D929A1126E00E5211D /* SwiftAutoGUI */ = {
			isa = XCSwiftPackageProductDependency;
			package = 5CA5F0D829A1126E00E5211D /* XCRemoteSwiftPackageReference "SwiftAutoGUI" */;
			productName = SwiftAutoGUI;
		};
		5CA5F0E029A1139600E5211D /* Factory */ = {
			isa = XCSwiftPackageProductDependency;
			package = 5CA5F0DF29A1139600E5211D /* XCRemoteSwiftPackageReference "Factory" */;
			productName = Factory;
		};
/* End XCSwiftPackageProductDependency section */
	};
	rootObject = 5CA5F0A829A10E1D00E5211D /* Project object */;
}
