{
  "originHash" : "10d567ce74adfc210b3b640cc46fbab39e9950679862af024bf1ee7a3730da04",
  "pins" : [
    {
      "identity" : "swiftautogui",
      "kind" : "remoteSourceControl",
      "location" : "https://github.com/NakaokaRei/SwiftAutoGUI",
      "state" : {
        "branch" : "master",
        "revision" : "b163c53d68d4df0a51771793d580189a06059dcf"
      }
    }
  ],
  "version" : 3
}
