{
  "originHash" : "10d567ce74adfc210b3b640cc46fbab39e9950679862af024bf1ee7a3730da04",
  "pins" : [
    {
      "identity" : "swift-argument-parser",
      "kind" : "remoteSourceControl",
      "location" : "https://github.com/apple/swift-argument-parser.git",
      "state" : {
        "revision" : "6a52f3251125d74daf04fcbd5e6f08a75d074382",
        "version" : "1.8.2"
      }
    },
    {
      "identity" : "swiftautogui",
      "kind" : "remoteSourceControl",
      "location" : "https://github.com/NakaokaRei/SwiftAutoGUI",
      "state" : {
        "revision" : "4c169293ce3ae18fee877f5ffc70edd89b5f5a5c",
        "version" : "0.24.0"
      }
    }
  ],
  "version" : 3
}
